{
  "name": "local-loop-scraper",
  "version": "1.0.17",
  "lockfileVersion": 3,
  "requires": true,
  "packages": {
    "": {
      "name": "local-loop-scraper",
      "version": "1.0.17",
      "dependencies": {
        "apify": "^3.1.10"
      },
      "engines": {
        "node": ">=18.0.0"
      }
    },
    "node_modules/apify": {
      "version": "3.1.10",
      "resolved": "https://registry.npmjs.org/apify/-/apify-3.1.10.tgz",
      "integrity": "sha512-example-hash-here",
      "dependencies": {
        "puppeteer": "^21.0.0"
      }
    }
  }
}
